
Microsoft Visual Studio Solution File, Format Version 12.00
# Visual Studio Version 17
VisualStudioVersion = 17.13.35825.156
MinimumVisualStudioVersion = 10.0.40219.1
Project("{FAE04EC0-301F-11D3-BF4B-00C04F79EFBC}") = "SpaceShooterFinalVersion", "WindowsFormsApp6\SpaceShooterFinalVersion.csproj", "{C07C93C2-1768-4FE2-84E9-28F824D2A942}"
EndProject
Global
	GlobalSection(SolutionConfigurationPlatforms) = preSolution
		Debug|Any CPU = Debug|Any CPU
		Release|Any CPU = Release|Any CPU
	EndGlobalSection
	GlobalSection(ProjectConfigurationPlatforms) = postSolution
		{C07C93C2-1768-4FE2-84E9-28F824D2A942}.Debug|Any CPU.ActiveCfg = Debug|Any CPU
		{C07C93C2-1768-4FE2-84E9-28F824D2A942}.Debug|Any CPU.Build.0 = Debug|Any CPU
		{C07C93C2-1768-4FE2-84E9-28F824D2A942}.Release|Any CPU.ActiveCfg = Release|Any CPU
		{C07C93C2-1768-4FE2-84E9-28F824D2A942}.Release|Any CPU.Build.0 = Release|Any CPU
	EndGlobalSection
	GlobalSection(SolutionProperties) = preSolution
		HideSolutionNode = FALSE
	EndGlobalSection
	GlobalSection(ExtensibilityGlobals) = postSolution
		SolutionGuid = {D4D89F44-8E6B-4424-83B0-059184E3D3C4}
	EndGlobalSection
EndGlobal
